
Microsoft Visual Studio Solution File, Format Version 12.00
# Visual Studio Version 17
VisualStudioVersion = 17.8.34511.84
MinimumVisualStudioVersion = 10.0.40219.1
Project("{FAE04EC0-301F-11D3-BF4B-00C04F79EFBC}") = "QuizApp.Android", "QuizApp\QuizApp.Android\QuizApp.Android.csproj", "{05C99BD4-AE2F-4E5C-913D-284B924B0298}"
EndProject
Project("{FAE04EC0-301F-11D3-BF4B-00C04F79EFBC}") = "QuizApp", "QuizApp\QuizApp\QuizApp.csproj", "{6BF43806-5991-4B28-8572-6F2808D99CEA}"
EndProject
Global
	GlobalSection(SolutionConfigurationPlatforms) = preSolution
		Debug|Any CPU = Debug|Any CPU
		Release|Any CPU = Release|Any CPU
	EndGlobalSection
	GlobalSection(ProjectConfigurationPlatforms) = postSolution
		{05C99BD4-AE2F-4E5C-913D-284B924B0298}.Debug|Any CPU.ActiveCfg = Debug|Any CPU
		{05C99BD4-AE2F-4E5C-913D-284B924B0298}.Debug|Any CPU.Build.0 = Debug|Any CPU
		{05C99BD4-AE2F-4E5C-913D-284B924B0298}.Debug|Any CPU.Deploy.0 = Debug|Any CPU
		{05C99BD4-AE2F-4E5C-913D-284B924B0298}.Release|Any CPU.ActiveCfg = Release|Any CPU
		{05C99BD4-AE2F-4E5C-913D-284B924B0298}.Release|Any CPU.Build.0 = Release|Any CPU
		{05C99BD4-AE2F-4E5C-913D-284B924B0298}.Release|Any CPU.Deploy.0 = Release|Any CPU
		{6BF43806-5991-4B28-8572-6F2808D99CEA}.Debug|Any CPU.ActiveCfg = Debug|Any CPU
		{6BF43806-5991-4B28-8572-6F2808D99CEA}.Debug|Any CPU.Build.0 = Debug|Any CPU
		{6BF43806-5991-4B28-8572-6F2808D99CEA}.Debug|Any CPU.Deploy.0 = Debug|Any CPU
		{6BF43806-5991-4B28-8572-6F2808D99CEA}.Release|Any CPU.ActiveCfg = Release|Any CPU
		{6BF43806-5991-4B28-8572-6F2808D99CEA}.Release|Any CPU.Build.0 = Release|Any CPU
		{6BF43806-5991-4B28-8572-6F2808D99CEA}.Release|Any CPU.Deploy.0 = Release|Any CPU
	EndGlobalSection
	GlobalSection(SolutionProperties) = preSolution
		HideSolutionNode = FALSE
	EndGlobalSection
	GlobalSection(ExtensibilityGlobals) = postSolution
		SolutionGuid = {4D2E87D2-291E-4661-9475-434BD662C912}
	EndGlobalSection
EndGlobal
